
Microsoft Visual Studio Solution File, Format Version 12.00
# Visual Studio Version 17
VisualStudioVersion = 17.11.35222.181
MinimumVisualStudioVersion = 10.0.40219.1
Project("{FAE04EC0-301F-11D3-BF4B-00C04F79EFBC}") = "EsportsRoomAttendance", "EsportsRoomAttendance\EsportsRoomAttendance.csproj", "{0AFCE5A3-DF26-49CA-AD68-5FCEC2271985}"
EndProject
Global
	GlobalSection(SolutionConfigurationPlatforms) = preSolution
		Debug|Any CPU = Debug|Any CPU
		Release|Any CPU = Release|Any CPU
	EndGlobalSection
	GlobalSection(ProjectConfigurationPlatforms) = postSolution
		{0AFCE5A3-DF26-49CA-AD68-5FCEC2271985}.Debug|Any CPU.ActiveCfg = Debug|Any CPU
		{0AFCE5A3-DF26-49CA-AD68-5FCEC2271985}.Debug|Any CPU.Build.0 = Debug|Any CPU
		{0AFCE5A3-DF26-49CA-AD68-5FCEC2271985}.Release|Any CPU.ActiveCfg = Release|Any CPU
		{0AFCE5A3-DF26-49CA-AD68-5FCEC2271985}.Release|Any CPU.Build.0 = Release|Any CPU
	EndGlobalSection
	GlobalSection(SolutionProperties) = preSolution
		HideSolutionNode = FALSE
	EndGlobalSection
	GlobalSection(ExtensibilityGlobals) = postSolution
		SolutionGuid = {DC897F03-52EB-41E4-A0A1-168547C86564}
	EndGlobalSection
EndGlobal
